// !$*UTF8*$!
{
	archiveVersion = 1;
	classes = {
	};
	objectVersion = 46;
	objects = {

/* Begin PBXBuildFile section */
		8CD456041E43427200AE0FF7 /* AppDelegate.swift in Sources */ = {isa = PBXBuildFile; fileRef = 8CD456031E43427200AE0FF7 /* AppDelegate.swift */; };
		8CD456061E43427200AE0FF7 /* ViewController.swift in Sources */ = {isa = PBXBuildFile; fileRef = 8CD456051E43427200AE0FF7 /* ViewController.swift */; };
		8CD456091E43427200AE0FF7 /* Main.storyboard in Resources */ = {isa = PBXBuildFile; fileRef = 8CD456071E43427200AE0FF7 /* Main.storyboard */; };
		8CD4560C1E43427200AE0FF7 /* TESTING.xcdatamodeld in Sources */ = {isa = PBXBuildFile; fileRef = 8CD4560A1E43427200AE0FF7 /* TESTING.xcdatamodeld */; };
		8CD4560E1E43427200AE0FF7 /* Assets.xcassets in Resources */ = {isa = PBXBuildFile; fileRef = 8CD4560D1E43427200AE0FF7 /* Assets.xcassets */; };
		8CD456111E43427200AE0FF7 /* LaunchScreen.storyboard in Resources */ = {isa = PBXBuildFile; fileRef = 8CD4560F1E43427200AE0FF7 /* LaunchScreen.storyboard */; };
		8CD4561C1E43427300AE0FF7 /* TESTINGTests.swift in Sources */ = {isa = PBXBuildFile; fileRef = 8CD4561B1E43427300AE0FF7 /* TESTINGTests.swift */; };
		8CD456271E43427300AE0FF7 /* TESTINGUITests.swift in Sources */ = {isa = PBXBuildFile; fileRef = 8CD456261E43427300AE0FF7 /* TESTINGUITests.swift */; };
/* End PBXBuildFile section */

/* Begin PBXContainerItemProxy section */
		8CD456181E43427300AE0FF7 /* PBXContainerItemProxy */ = {
			isa = PBXContainerItemProxy;
			containerPortal = 8CD455F81E43427200AE0FF7 /* Project object */;
			proxyType = 1;
			remoteGlobalIDString = 8CD455FF1E43427200AE0FF7;
			remoteInfo = TESTING;
		};
		8CD456231E43427300AE0FF7 /* PBXContainerItemProxy */ = {
			isa = PBXContainerItemProxy;
			containerPortal = 8CD455F81E43427200AE0FF7 /* Project object */;
			proxyType = 1;
			remoteGlobalIDString = 8CD455FF1E43427200AE0FF7;
			remoteInfo = TESTING;
		};
/* End PBXContainerItemProxy section */

/* Begin PBXFileReference section */
		8CD456001E43427200AE0FF7 /* TESTING.app */ = {isa = PBXFileReference; explicitFileType = wrapper.application; includeInIndex = 0; path = TESTING.app; sourceTree = BUILT_PRODUCTS_DIR; };
		8CD456031E43427200AE0FF7 /* AppDelegate.swift */ = {isa = PBXFileReference; lastKnownFileType = sourcecode.swift; path = AppDelegate.swift; sourceTree = "<group>"; };
		8CD456051E43427200AE0FF7 /* ViewController.swift */ = {isa = PBXFileReference; lastKnownFileType = sourcecode.swift; path = ViewController.swift; sourceTree = "<group>"; };
		8CD456081E43427200AE0FF7 /* Base */ = {isa = PBXFileReference; lastKnownFileType = file.storyboard; name = Base; path = Base.lproj/Main.storyboard; sourceTree = "<group>"; };
		8CD4560B1E43427200AE0FF7 /* TESTING.xcdatamodel */ = {isa = PBXFileReference; lastKnownFileType = wrapper.xcdatamodel; path = TESTING.xcdatamodel; sourceTree = "<group>"; };
		8CD4560D1E43427200AE0FF7 /* Assets.xcassets */ = {isa = PBXFileReference; lastKnownFileType = folder.assetcatalog; path = Assets.xcassets; sourceTree = "<group>"; };
		8CD456101E43427200AE0FF7 /* Base */ = {isa = PBXFileReference; lastKnownFileType = file.storyboard; name = Base; path = Base.lproj/LaunchScreen.storyboard; sourceTree = "<group>"; };
		8CD456121E43427200AE0FF7 /* Info.plist */ = {isa = PBXFileReference; lastKnownFileType = text.plist.xml; path = Info.plist; sourceTree = "<group>"; };
		8CD456171E43427300AE0FF7 /* TESTINGTests.xctest */ = {isa = PBXFileReference; explicitFileType = wrapper.cfbundle; includeInIndex = 0; path = TESTINGTests.xctest; sourceTree = BUILT_PRODUCTS_DIR; };
		8CD4561B1E43427300AE0FF7 /* TESTINGTests.swift */ = {isa = PBXFileReference; lastKnownFileType = sourcecode.swift; path = TESTINGTests.swift; sourceTree = "<group>"; };
		8CD4561D1E43427300AE0FF7 /* Info.plist */ = {isa = PBXFileReference; lastKnownFileType = text.plist.xml; path = Info.plist; sourceTree = "<group>"; };
		8CD456221E43427300AE0FF7 /* TESTINGUITests.xctest */ = {isa = PBXFileReference; explicitFileType = wrapper.cfbundle; includeInIndex = 0; path = TESTINGUITests.xctest; sourceTree = BUILT_PRODUCTS_DIR; };
		8CD456261E43427300AE0FF7 /* TESTINGUITests.swift */ = {isa = PBXFileReference; lastKnownFileType = sourcecode.swift; path = TESTINGUITests.swift; sourceTree = "<group>"; };
		8CD456281E43427300AE0FF7 /* Info.plist */ = {isa = PBXFileReference; lastKnownFileType = text.plist.xml; path = Info.plist; sourceTree = "<group>"; };
/* End PBXFileReference section */

/* Begin PBXFrameworksBuildPhase section */
		8CD455FD1E43427200AE0FF7 /* Frameworks */ = {
			isa = PBXFrameworksBuildPhase;
			buildActionMask = 2147483647;
			files = (
			);
			runOnlyForDeploymentPostprocessing = 0;
		};
		8CD456141E43427300AE0FF7 /* Frameworks */ = {
			isa = PBXFrameworksBuildPhase;
			buildActionMask = 2147483647;
			files = (
			);
			runOnlyForDeploymentPostprocessing = 0;
		};
		8CD4561F1E43427300AE0FF7 /* Frameworks */ = {
			isa = PBXFrameworksBuildPhase;
			buildActionMask = 2147483647;
			files = (
			);
			runOnlyForDeploymentPostprocessing = 0;
		};
/* End PBXFrameworksBuildPhase section */

/* Begin PBXGroup section */
		8CD455F71E43427200AE0FF7 = {
			isa = PBXGroup;
			children = (
				8CD456021E43427200AE0FF7 /* TESTING */,
				8CD4561A1E43427300AE0FF7 /* TESTINGTests */,
				8CD456251E43427300AE0FF7 /* TESTINGUITests */,
				8CD456011E43427200AE0FF7 /* Products */,
			);
			sourceTree = "<group>";
		};
		8CD456011E43427200AE0FF7 /* Products */ = {
			isa = PBXGroup;
			children = (
				8CD456001E43427200AE0FF7 /* TESTING.app */,
				8CD456171E43427300AE0FF7 /* TESTINGTests.xctest */,
				8CD456221E43427300AE0FF7 /* TESTINGUITests.xctest */,
			);
			name = Products;
			sourceTree = "<group>";
		};
		8CD456021E43427200AE0FF7 /* TESTING */ = {
			isa = PBXGroup;
			children = (
				8CD456031E43427200AE0FF7 /* AppDelegate.swift */,
				8CD456051E43427200AE0FF7 /* ViewController.swift */,
				8CD456071E43427200AE0FF7 /* Main.storyboard */,
				8CD4560D1E43427200AE0FF7 /* Assets.xcassets */,
				8CD4560F1E43427200AE0FF7 /* LaunchScreen.storyboard */,
				8CD456121E43427200AE0FF7 /* Info.plist */,
				8CD4560A1E43427200AE0FF7 /* TESTING.xcdatamodeld */,
			);
			path = TESTING;
			sourceTree = "<group>";
		};
		8CD4561A1E43427300AE0FF7 /* TESTINGTests */ = {
			isa = PBXGroup;
			children = (
				8CD4561B1E43427300AE0FF7 /* TESTINGTests.swift */,
				8CD4561D1E43427300AE0FF7 /* Info.plist */,
			);
			path = TESTINGTests;
			sourceTree = "<group>";
		};
		8CD456251E43427300AE0FF7 /* TESTINGUITests */ = {
			isa = PBXGroup;
			children = (
				8CD456261E43427300AE0FF7 /* TESTINGUITests.swift */,
				8CD456281E43427300AE0FF7 /* Info.plist */,
			);
			path = TESTINGUITests;
			sourceTree = "<group>";
		};
/* End PBXGroup section */

/* Begin PBXNativeTarget section */
		8CD455FF1E43427200AE0FF7 /* TESTING */ = {
			isa = PBXNativeTarget;
			buildConfigurationList = 8CD4562B1E43427300AE0FF7 /* Build configuration list for PBXNativeTarget "TESTING" */;
			buildPhases = (
				8CD455FC1E43427200AE0FF7 /* Sources */,
				8CD455FD1E43427200AE0FF7 /* Frameworks */,
				8CD455FE1E43427200AE0FF7 /* Resources */,
			);
			buildRules = (
			);
			dependencies = (
			);
			name = TESTING;
			productName = TESTING;
			productReference = 8CD456001E43427200AE0FF7 /* TESTING.app */;
			productType = "com.apple.product-type.application";
		};
		8CD456161E43427300AE0FF7 /* TESTINGTests */ = {
			isa = PBXNativeTarget;
			buildConfigurationList = 8CD4562E1E43427300AE0FF7 /* Build configuration list for PBXNativeTarget "TESTINGTests" */;
			buildPhases = (
				8CD456131E43427300AE0FF7 /* Sources */,
				8CD456141E43427300AE0FF7 /* Frameworks */,
				8CD456151E43427300AE0FF7 /* Resources */,
			);
			buildRules = (
			);
			dependencies = (
				8CD456191E43427300AE0FF7 /* PBXTargetDependency */,
			);
			name = TESTINGTests;
			productName = TESTINGTests;
			productReference = 8CD456171E43427300AE0FF7 /* TESTINGTests.xctest */;
			productType = "com.apple.product-type.bundle.unit-test";
		};
		8CD456211E43427300AE0FF7 /* TESTINGUITests */ = {
			isa = PBXNativeTarget;
			buildConfigurationList = 8CD456311E43427300AE0FF7 /* Build configuration list for PBXNativeTarget "TESTINGUITests" */;
			buildPhases = (
				8CD4561E1E43427300AE0FF7 /* Sources */,
				8CD4561F1E43427300AE0FF7 /* Frameworks */,
				8CD456201E43427300AE0FF7 /* Resources */,
			);
			buildRules = (
			);
			dependencies = (
				8CD456241E43427300AE0FF7 /* PBXTargetDependency */,
			);
			name = TESTINGUITests;
			productName = TESTINGUITests;
			productReference = 8CD456221E43427300AE0FF7 /* TESTINGUITests.xctest */;
			productType = "com.apple.product-type.bundle.ui-testing";
		};
/* End PBXNativeTarget section */

/* Begin PBXProject section */
		8CD455F81E43427200AE0FF7 /* Project object */ = {
			isa = PBXProject;
			attributes = {
				LastSwiftUpdateCheck = 0730;
				LastUpgradeCheck = 0730;
				ORGANIZATIONNAME = SSS;
				TargetAttributes = {
					8CD455FF1E43427200AE0FF7 = {
						CreatedOnToolsVersion = 7.3;
					};
					8CD456161E43427300AE0FF7 = {
						CreatedOnToolsVersion = 7.3;
						TestTargetID = 8CD455FF1E43427200AE0FF7;
					};
					8CD456211E43427300AE0FF7 = {
						CreatedOnToolsVersion = 7.3;
						TestTargetID = 8CD455FF1E43427200AE0FF7;
					};
				};
			};
			buildConfigurationList = 8CD455FB1E43427200AE0FF7 /* Build configuration list for PBXProject "TESTING" */;
			compatibilityVersion = "Xcode 3.2";
			developmentRegion = English;
			hasScannedForEncodings = 0;
			knownRegions = (
				en,
				Base,
			);
			mainGroup = 8CD455F71E43427200AE0FF7;
			productRefGroup = 8CD456011E43427200AE0FF7 /* Products */;
			projectDirPath = "";
			projectRoot = "";
			targets = (
				8CD455FF1E43427200AE0FF7 /* TESTING */,
				8CD456161E43427300AE0FF7 /* TESTINGTests */,
				8CD456211E43427300AE0FF7 /* TESTINGUITests */,
			);
		};
/* End PBXProject section */

/* Begin PBXResourcesBuildPhase section */
		8CD455FE1E43427200AE0FF7 /* Resources */ = {
			isa = PBXResourcesBuildPhase;
			buildActionMask = 2147483647;
			files = (
				8CD456111E43427200AE0FF7 /* LaunchScreen.storyboard in Resources */,
				8CD4560E1E43427200AE0FF7 /* Assets.xcassets in Resources */,
				8CD456091E43427200AE0FF7 /* Main.storyboard in Resources */,
			);
			runOnlyForDeploymentPostprocessing = 0;
		};
		8CD456151E43427300AE0FF7 /* Resources */ = {
			isa = PBXResourcesBuildPhase;
			buildActionMask = 2147483647;
			files = (
			);
			runOnlyForDeploymentPostprocessing = 0;
		};
		8CD456201E43427300AE0FF7 /* Resources */ = {
			isa = PBXResourcesBuildPhase;
			buildActionMask = 2147483647;
			files = (
			);
			runOnlyForDeploymentPostprocessing = 0;
		};
/* End PBXResourcesBuildPhase section */

/* Begin PBXSourcesBuildPhase section */
		8CD455FC1E43427200AE0FF7 /* Sources */ = {
			isa = PBXSourcesBuildPhase;
			buildActionMask = 2147483647;
			files = (
				8CD4560C1E43427200AE0FF7 /* TESTING.xcdatamodeld in Sources */,
				8CD456061E43427200AE0FF7 /* ViewController.swift in Sources */,
				8CD456041E43427200AE0FF7 /* AppDelegate.swift in Sources */,
			);
			runOnlyForDeploymentPostprocessing = 0;
		};
		8CD456131E43427300AE0FF7 /* Sources */ = {
			isa = PBXSourcesBuildPhase;
			buildActionMask = 2147483647;
			files = (
				8CD4561C1E43427300AE0FF7 /* TESTINGTests.swift in Sources */,
			);
			runOnlyForDeploymentPostprocessing = 0;
		};
		8CD4561E1E43427300AE0FF7 /* Sources */ = {
			isa = PBXSourcesBuildPhase;
			buildActionMask = 2147483647;
			files = (
				8CD456271E43427300AE0FF7 /* TESTINGUITests.swift in Sources */,
			);
			runOnlyForDeploymentPostprocessing = 0;
		};
/* End PBXSourcesBuildPhase section */

/* Begin PBXTargetDependency section */
		8CD456191E43427300AE0FF7 /* PBXTargetDependency */ = {
			isa = PBXTargetDependency;
			target = 8CD455FF1E43427200AE0FF7 /* TESTING */;
			targetProxy = 8CD456181E43427300AE0FF7 /* PBXContainerItemProxy */;
		};
		8CD456241E43427300AE0FF7 /* PBXTargetDependency */ = {
			isa = PBXTargetDependency;
			target = 8CD455FF1E43427200AE0FF7 /* TESTING */;
			targetProxy = 8CD456231E43427300AE0FF7 /* PBXContainerItemProxy */;
		};
/* End PBXTargetDependency section */

/* Begin PBXVariantGroup section */
		8CD456071E43427200AE0FF7 /* Main.storyboard */ = {
			isa = PBXVariantGroup;
			children = (
				8CD456081E43427200AE0FF7 /* Base */,
			);
			name = Main.storyboard;
			sourceTree = "<group>";
		};
		8CD4560F1E43427200AE0FF7 /* LaunchScreen.storyboard */ = {
			isa = PBXVariantGroup;
			children = (
				8CD456101E43427200AE0FF7 /* Base */,
			);
			name = LaunchScreen.storyboard;
			sourceTree = "<group>";
		};
/* End PBXVariantGroup section */

/* Begin XCBuildConfiguration section */
		8CD456291E43427300AE0FF7 /* Debug */ = {
			isa = XCBuildConfiguration;
			buildSettings = {
				ALWAYS_SEARCH_USER_PATHS = NO;
				CLANG_ANALYZER_NONNULL = YES;
				CLANG_CXX_LANGUAGE_STANDARD = "gnu++0x";
				CLANG_CXX_LIBRARY = "libc++";
				CLANG_ENABLE_MODULES = YES;
				CLANG_ENABLE_OBJC_ARC = YES;
				CLANG_WARN_BOOL_CONVERSION = YES;
				CLANG_WARN_CONSTANT_CONVERSION = YES;
				CLANG_WARN_DIRECT_OBJC_ISA_USAGE = YES_ERROR;
				CLANG_WARN_EMPTY_BODY = YES;
				CLANG_WARN_ENUM_CONVERSION = YES;
				CLANG_WARN_INT_CONVERSION = YES;
				CLANG_WARN_OBJC_ROOT_CLASS = YES_ERROR;
				CLANG_WARN_UNREACHABLE_CODE = YES;
				CLANG_WARN__DUPLICATE_METHOD_MATCH = YES;
				"CODE_SIGN_IDENTITY[sdk=iphoneos*]" = "iPhone Developer";
				COPY_PHASE_STRIP = NO;
				DEBUG_INFORMATION_FORMAT = dwarf;
				ENABLE_STRICT_OBJC_MSGSEND = YES;
				ENABLE_TESTABILITY = YES;
				GCC_C_LANGUAGE_STANDARD = gnu99;
				GCC_DYNAMIC_NO_PIC = NO;
				GCC_NO_COMMON_BLOCKS = YES;
				GCC_OPTIMIZATION_LEVEL = 0;
				GCC_PREPROCESSOR_DEFINITIONS = (
					"DEBUG=1",
					"$(inherited)",
				);
				GCC_WARN_64_TO_32_BIT_CONVERSION = YES;
				GCC_WARN_ABOUT_RETURN_TYPE = YES_ERROR;
				GCC_WARN_UNDECLARED_SELECTOR = YES;
				GCC_WARN_UNINITIALIZED_AUTOS = YES_AGGRESSIVE;
				GCC_WARN_UNUSED_FUNCTION = YES;
				GCC_WARN_UNUSED_VARIABLE = YES;
				IPHONEOS_DEPLOYMENT_TARGET = 9.3;
				MTL_ENABLE_DEBUG_INFO = YES;
				ONLY_ACTIVE_ARCH = YES;
				SDKROOT = iphoneos;
				SWIFT_OPTIMIZATION_LEVEL = "-Onone";
				TARGETED_DEVICE_FAMILY = "1,2";
			};
			name = Debug;
		};
		8CD4562A1E43427300AE0FF7 /* Release */ = {
			isa = XCBuildConfiguration;
			buildSettings = {
				ALWAYS_SEARCH_USER_PATHS = NO;
				CLANG_ANALYZER_NONNULL = YES;
				CLANG_CXX_LANGUAGE_STANDARD = "gnu++0x";
				CLANG_CXX_LIBRARY = "libc++";
				CLANG_ENABLE_MODULES = YES;
				CLANG_ENABLE_OBJC_ARC = YES;
				CLANG_WARN_BOOL_CONVERSION = YES;
				CLANG_WARN_CONSTANT_CONVERSION = YES;
				CLANG_WARN_DIRECT_OBJC_ISA_USAGE = YES_ERROR;
				CLANG_WARN_EMPTY_BODY = YES;
				CLANG_WARN_ENUM_CONVERSION = YES;
				CLANG_WARN_INT_CONVERSION = YES;
				CLANG_WARN_OBJC_ROOT_CLASS = YES_ERROR;
				CLANG_WARN_UNREACHABLE_CODE = YES;
				CLANG_WARN__DUPLICATE_METHOD_MATCH = YES;
				"CODE_SIGN_IDENTITY[sdk=iphoneos*]" = "iPhone Developer";
				COPY_PHASE_STRIP = NO;
				DEBUG_INFORMATION_FORMAT = "dwarf-with-dsym";
				ENABLE_NS_ASSERTIONS = NO;
				ENABLE_STRICT_OBJC_MSGSEND = YES;
				GCC_C_LANGUAGE_STANDARD = gnu99;
				GCC_NO_COMMON_BLOCKS = YES;
				GCC_WARN_64_TO_32_BIT_CONVERSION = YES;
				GCC_WARN_ABOUT_RETURN_TYPE = YES_ERROR;
				GCC_WARN_UNDECLARED_SELECTOR = YES;
				GCC_WARN_UNINITIALIZED_AUTOS = YES_AGGRESSIVE;
				GCC_WARN_UNUSED_FUNCTION = YES;
				GCC_WARN_UNUSED_VARIABLE = YES;
				IPHONEOS_DEPLOYMENT_TARGET = 9.3;
				MTL_ENABLE_DEBUG_INFO = NO;
				SDKROOT = iphoneos;
				TARGETED_DEVICE_FAMILY = "1,2";
				VALIDATE_PRODUCT = YES;
			};
			name = Release;
		};
		8CD4562C1E43427300AE0FF7 /* Debug */ = {
			isa = XCBuildConfiguration;
			buildSettings = {
				ASSETCATALOG_COMPILER_APPICON_NAME = AppIcon;
				INFOPLIST_FILE = TESTING/Info.plist;
				LD_RUNPATH_SEARCH_PATHS = "$(inherited) @executable_path/Frameworks";
				PRODUCT_BUNDLE_IDENTIFIER = com.happay.TESTING;
				PRODUCT_NAME = "$(TARGET_NAME)";
			};
			name = Debug;
		};
		8CD4562D1E43427300AE0FF7 /* Release */ = {
			isa = XCBuildConfiguration;
			buildSettings = {
				ASSETCATALOG_COMPILER_APPICON_NAME = AppIcon;
				INFOPLIST_FILE = TESTING/Info.plist;
				LD_RUNPATH_SEARCH_PATHS = "$(inherited) @executable_path/Frameworks";
				PRODUCT_BUNDLE_IDENTIFIER = com.happay.TESTING;
				PRODUCT_NAME = "$(TARGET_NAME)";
			};
			name = Release;
		};
		8CD4562F1E43427300AE0FF7 /* Debug */ = {
			isa = XCBuildConfiguration;
			buildSettings = {
				BUNDLE_LOADER = "$(TEST_HOST)";
				INFOPLIST_FILE = TESTINGTests/Info.plist;
				LD_RUNPATH_SEARCH_PATHS = "$(inherited) @executable_path/Frameworks @loader_path/Frameworks";
				PRODUCT_BUNDLE_IDENTIFIER = com.happay.TESTINGTests;
				PRODUCT_NAME = "$(TARGET_NAME)";
				TEST_HOST = "$(BUILT_PRODUCTS_DIR)/TESTING.app/TESTING";
			};
			name = Debug;
		};
		8CD456301E43427300AE0FF7 /* Release */ = {
			isa = XCBuildConfiguration;
			buildSettings = {
				BUNDLE_LOADER = "$(TEST_HOST)";
				INFOPLIST_FILE = TESTINGTests/Info.plist;
				LD_RUNPATH_SEARCH_PATHS = "$(inherited) @executable_path/Frameworks @loader_path/Frameworks";
				PRODUCT_BUNDLE_IDENTIFIER = com.happay.TESTINGTests;
				PRODUCT_NAME = "$(TARGET_NAME)";
				TEST_HOST = "$(BUILT_PRODUCTS_DIR)/TESTING.app/TESTING";
			};
			name = Release;
		};
		8CD456321E43427300AE0FF7 /* Debug */ = {
			isa = XCBuildConfiguration;
			buildSettings = {
				INFOPLIST_FILE = TESTINGUITests/Info.plist;
				LD_RUNPATH_SEARCH_PATHS = "$(inherited) @executable_path/Frameworks @loader_path/Frameworks";
				PRODUCT_BUNDLE_IDENTIFIER = com.happay.TESTINGUITests;
				PRODUCT_NAME = "$(TARGET_NAME)";
				TEST_TARGET_NAME = TESTING;
			};
			name = Debug;
		};
		8CD456331E43427300AE0FF7 /* Release */ = {
			isa = XCBuildConfiguration;
			buildSettings = {
				INFOPLIST_FILE = TESTINGUITests/Info.plist;
				LD_RUNPATH_SEARCH_PATHS = "$(inherited) @executable_path/Frameworks @loader_path/Frameworks";
				PRODUCT_BUNDLE_IDENTIFIER = com.happay.TESTINGUITests;
				PRODUCT_NAME = "$(TARGET_NAME)";
				TEST_TARGET_NAME = TESTING;
			};
			name = Release;
		};
/* End XCBuildConfiguration section */

/* Begin XCConfigurationList section */
		8CD455FB1E43427200AE0FF7 /* Build configuration list for PBXProject "TESTING" */ = {
			isa = XCConfigurationList;
			buildConfigurations = (
				8CD456291E43427300AE0FF7 /* Debug */,
				8CD4562A1E43427300AE0FF7 /* Release */,
			);
			defaultConfigurationIsVisible = 0;
			defaultConfigurationName = Release;
		};
		8CD4562B1E43427300AE0FF7 /* Build configuration list for PBXNativeTarget "TESTING" */ = {
			isa = XCConfigurationList;
			buildConfigurations = (
				8CD4562C1E43427300AE0FF7 /* Debug */,
				8CD4562D1E43427300AE0FF7 /* Release */,
			);
			defaultConfigurationIsVisible = 0;
		};
		8CD4562E1E43427300AE0FF7 /* Build configuration list for PBXNativeTarget "TESTINGTests" */ = {
			isa = XCConfigurationList;
			buildConfigurations = (
				8CD4562F1E43427300AE0FF7 /* Debug */,
				8CD456301E43427300AE0FF7 /* Release */,
			);
			defaultConfigurationIsVisible = 0;
		};
		8CD456311E43427300AE0FF7 /* Build configuration list for PBXNativeTarget "TESTINGUITests" */ = {
			isa = XCConfigurationList;
			buildConfigurations = (
				8CD456321E43427300AE0FF7 /* Debug */,
				8CD456331E43427300AE0FF7 /* Release */,
			);
			defaultConfigurationIsVisible = 0;
		};
/* End XCConfigurationList section */

/* Begin XCVersionGroup section */
		8CD4560A1E43427200AE0FF7 /* TESTING.xcdatamodeld */ = {
			isa = XCVersionGroup;
			children = (
				8CD4560B1E43427200AE0FF7 /* TESTING.xcdatamodel */,
			);
			currentVersion = 8CD4560B1E43427200AE0FF7 /* TESTING.xcdatamodel */;
			path = TESTING.xcdatamodeld;
			sourceTree = "<group>";
			versionGroupType = wrapper.xcdatamodel;
		};
/* End XCVersionGroup section */
	};
	rootObject = 8CD455F81E43427200AE0FF7 /* Project object */;
}
